
Microsoft Visual Studio Solution File, Format Version 12.00
# Visual Studio 2010
Project("{2150E333-8FDC-42A3-9474-1A3956D46DE8}") = "Accounts", "Accounts", "{C0BC46C8-BD56-4C0E-B75D-13AE46387F5B}"
EndProject
Project("{2150E333-8FDC-42A3-9474-1A3956D46DE8}") = "Budget", "Budget", "{49493B20-5E3D-4537-9DE4-8AFA89E1F02F}"
EndProject
Project("{2150E333-8FDC-42A3-9474-1A3956D46DE8}") = "Central", "Central", "{48FEEF0D-CFBF-4622-9F2E-6FCBA009A924}"
EndProject
Project("{2150E333-8FDC-42A3-9474-1A3956D46DE8}") = "Common", "Common", "{4B2E2A0A-64FD-4B7B-AA50-7353601107CE}"
EndProject
Project("{2150E333-8FDC-42A3-9474-1A3956D46DE8}") = "Production", "Production", "{F49ED9A6-C89F-47F5-92A9-2CE19F9C7659}"
EndProject
Project("{2150E333-8FDC-42A3-9474-1A3956D46DE8}") = "Store", "Store", "{47CF3892-744B-4D09-A728-DAE991401002}"
EndProject
Project("{2150E333-8FDC-42A3-9474-1A3956D46DE8}") = "System", "System", "{46AD3E02-8F47-48A3-8EA2-88440E53472D}"
EndProject
Project("{2150E333-8FDC-42A3-9474-1A3956D46DE8}") = "Vehicle", "Vehicle", "{5A7C5E0B-B534-4463-9680-433803EF7C71}"
EndProject
Project("{2150E333-8FDC-42A3-9474-1A3956D46DE8}") = "Weighbridge", "Weighbridge", "{2907B93E-79A1-4722-B574-A4FBF19FD15F}"
EndProject
Project("{2150E333-8FDC-42A3-9474-1A3956D46DE8}") = "Checkroll", "Checkroll", "{7DCB7665-C5CC-4885-84F1-CC4C769D59A4}"
EndProject
Project("{F184B08F-C81C-45F6-A57F-5ABD9991F28F}") = "BSP_PMS", "BSP\BSP_PMS.vbproj", "{3106309D-F7B9-4347-8D20-202871F68666}"
	ProjectSection(ProjectDependencies) = postProject
		{DCE9F700-AEB3-46F0-BCCD-9AC46E4BFD32} = {DCE9F700-AEB3-46F0-BCCD-9AC46E4BFD32}
		{51525707-68A4-4233-BAC6-53D6A5CEC16F} = {51525707-68A4-4233-BAC6-53D6A5CEC16F}
		{5E5DD60A-DD0E-4F49-A7B7-0169FDA49854} = {5E5DD60A-DD0E-4F49-A7B7-0169FDA49854}
		{35E95B1B-DF39-49D2-98AF-81AA090CF3EB} = {35E95B1B-DF39-49D2-98AF-81AA090CF3EB}
		{D0DAC728-340D-4181-B4CA-227E2C6F2120} = {D0DAC728-340D-4181-B4CA-227E2C6F2120}
		{1B1DD32C-5B2F-48F2-BD11-FB859D0494E6} = {1B1DD32C-5B2F-48F2-BD11-FB859D0494E6}
		{B2084F4E-9B3A-4C9C-BA50-A23AEC47140F} = {B2084F4E-9B3A-4C9C-BA50-A23AEC47140F}
		{9D997C5C-6F36-4933-A271-04EAD342425F} = {9D997C5C-6F36-4933-A271-04EAD342425F}
		{70523767-42F6-41DB-A863-CA90A7843EB5} = {70523767-42F6-41DB-A863-CA90A7843EB5}
		{078FF86A-CCA4-44B2-9774-117F6562CF2C} = {078FF86A-CCA4-44B2-9774-117F6562CF2C}
		{B1037F6C-CD31-43F0-8C88-C74542551EBF} = {B1037F6C-CD31-43F0-8C88-C74542551EBF}
		{10535586-2DFE-488E-8CAB-F4BBB0936D90} = {10535586-2DFE-488E-8CAB-F4BBB0936D90}
		{6D78D496-6A5F-4E20-AA60-42E15990806C} = {6D78D496-6A5F-4E20-AA60-42E15990806C}
		{E065329E-EA63-4CD2-9EF5-C630443F358A} = {E065329E-EA63-4CD2-9EF5-C630443F358A}
		{13035DAA-CD71-4524-9233-55F7917BB5AE} = {13035DAA-CD71-4524-9233-55F7917BB5AE}
		{FE1AFACB-9BAF-4365-9D2F-C9FAE04830FD} = {FE1AFACB-9BAF-4365-9D2F-C9FAE04830FD}
		{EC91D5CE-A7E3-4F25-9FDC-D69C9C674D92} = {EC91D5CE-A7E3-4F25-9FDC-D69C9C674D92}
		{3E75E5D3-4321-4D88-8506-EC9A99ACAC4C} = {3E75E5D3-4321-4D88-8506-EC9A99ACAC4C}
		{A5A66BD8-522B-401D-AFEA-B8D6925F4275} = {A5A66BD8-522B-401D-AFEA-B8D6925F4275}
		{65A909DE-736E-4BFE-8D06-23C052EC597A} = {65A909DE-736E-4BFE-8D06-23C052EC597A}
		{60AF4FE3-E183-4185-B22A-6F0EF1D317B0} = {60AF4FE3-E183-4185-B22A-6F0EF1D317B0}
		{20212BE6-9E4A-451E-B9A5-81E52F349876} = {20212BE6-9E4A-451E-B9A5-81E52F349876}
		{54E80CF1-CAD7-4CA2-BF58-3F3C797CB8AE} = {54E80CF1-CAD7-4CA2-BF58-3F3C797CB8AE}
		{21F554F9-1DE9-491D-8E4E-A9BF6DBC02E6} = {21F554F9-1DE9-491D-8E4E-A9BF6DBC02E6}
	EndProjectSection
EndProject
Project("{F184B08F-C81C-45F6-A57F-5ABD9991F28F}") = "Common_PPT", "Common_PPT\Common_PPT.vbproj", "{21F554F9-1DE9-491D-8E4E-A9BF6DBC02E6}"
EndProject
Project("{F184B08F-C81C-45F6-A57F-5ABD9991F28F}") = "Common_DAL", "Common_DAL\Common_DAL.vbproj", "{EC91D5CE-A7E3-4F25-9FDC-D69C9C674D92}"
EndProject
Project("{F184B08F-C81C-45F6-A57F-5ABD9991F28F}") = "Common_BOL", "Common_BOL\Common_BOL.vbproj", "{3E75E5D3-4321-4D88-8506-EC9A99ACAC4C}"
EndProject
Project("{F184B08F-C81C-45F6-A57F-5ABD9991F28F}") = "Store_PPT", "Store_PPT\Store_PPT.vbproj", "{078FF86A-CCA4-44B2-9774-117F6562CF2C}"
EndProject
Project("{F184B08F-C81C-45F6-A57F-5ABD9991F28F}") = "Store_DAL", "Store_DAL\Store_DAL.vbproj", "{B1037F6C-CD31-43F0-8C88-C74542551EBF}"
	ProjectSection(ProjectDependencies) = postProject
		{078FF86A-CCA4-44B2-9774-117F6562CF2C} = {078FF86A-CCA4-44B2-9774-117F6562CF2C}
	EndProjectSection
EndProject
Project("{F184B08F-C81C-45F6-A57F-5ABD9991F28F}") = "Store_BOL", "Store_BOL\Store_BOL.vbproj", "{9D997C5C-6F36-4933-A271-04EAD342425F}"
	ProjectSection(ProjectDependencies) = postProject
		{078FF86A-CCA4-44B2-9774-117F6562CF2C} = {078FF86A-CCA4-44B2-9774-117F6562CF2C}
		{B1037F6C-CD31-43F0-8C88-C74542551EBF} = {B1037F6C-CD31-43F0-8C88-C74542551EBF}
	EndProjectSection
EndProject
Project("{F184B08F-C81C-45F6-A57F-5ABD9991F28F}") = "Accounts_PPT", "Accounts_PPT\Accounts_PPT.vbproj", "{1B1DD32C-5B2F-48F2-BD11-FB859D0494E6}"
EndProject
Project("{F184B08F-C81C-45F6-A57F-5ABD9991F28F}") = "Accounts_DAL", "Accounts_DAL\Accounts_DAL.vbproj", "{20212BE6-9E4A-451E-B9A5-81E52F349876}"
	ProjectSection(ProjectDependencies) = postProject
		{1B1DD32C-5B2F-48F2-BD11-FB859D0494E6} = {1B1DD32C-5B2F-48F2-BD11-FB859D0494E6}
	EndProjectSection
EndProject
Project("{F184B08F-C81C-45F6-A57F-5ABD9991F28F}") = "Accounts_BOL", "Accounts_BOL\Accounts_BOL.vbproj", "{FE1AFACB-9BAF-4365-9D2F-C9FAE04830FD}"
	ProjectSection(ProjectDependencies) = postProject
		{1B1DD32C-5B2F-48F2-BD11-FB859D0494E6} = {1B1DD32C-5B2F-48F2-BD11-FB859D0494E6}
		{20212BE6-9E4A-451E-B9A5-81E52F349876} = {20212BE6-9E4A-451E-B9A5-81E52F349876}
	EndProjectSection
EndProject
Project("{F184B08F-C81C-45F6-A57F-5ABD9991F28F}") = "Budget_PPT", "Budget_PPT\Budget_PPT.vbproj", "{51525707-68A4-4233-BAC6-53D6A5CEC16F}"
EndProject
Project("{F184B08F-C81C-45F6-A57F-5ABD9991F28F}") = "Budget_DAL", "Budget_DAL\Budget_DAL.vbproj", "{60AF4FE3-E183-4185-B22A-6F0EF1D317B0}"
	ProjectSection(ProjectDependencies) = postProject
		{51525707-68A4-4233-BAC6-53D6A5CEC16F} = {51525707-68A4-4233-BAC6-53D6A5CEC16F}
	EndProjectSection
EndProject
Project("{F184B08F-C81C-45F6-A57F-5ABD9991F28F}") = "Budget_BOL", "Budget_BOL\Budget_BOL.vbproj", "{70523767-42F6-41DB-A863-CA90A7843EB5}"
	ProjectSection(ProjectDependencies) = postProject
		{51525707-68A4-4233-BAC6-53D6A5CEC16F} = {51525707-68A4-4233-BAC6-53D6A5CEC16F}
		{60AF4FE3-E183-4185-B22A-6F0EF1D317B0} = {60AF4FE3-E183-4185-B22A-6F0EF1D317B0}
	EndProjectSection
EndProject
Project("{F184B08F-C81C-45F6-A57F-5ABD9991F28F}") = "Vehicle_DAL", "Vehicle_DAL\Vehicle_DAL.vbproj", "{13035DAA-CD71-4524-9233-55F7917BB5AE}"
	ProjectSection(ProjectDependencies) = postProject
		{35E95B1B-DF39-49D2-98AF-81AA090CF3EB} = {35E95B1B-DF39-49D2-98AF-81AA090CF3EB}
	EndProjectSection
EndProject
Project("{F184B08F-C81C-45F6-A57F-5ABD9991F28F}") = "Vehicle_BOL", "Vehicle_BOL\Vehicle_BOL.vbproj", "{E065329E-EA63-4CD2-9EF5-C630443F358A}"
	ProjectSection(ProjectDependencies) = postProject
		{35E95B1B-DF39-49D2-98AF-81AA090CF3EB} = {35E95B1B-DF39-49D2-98AF-81AA090CF3EB}
		{13035DAA-CD71-4524-9233-55F7917BB5AE} = {13035DAA-CD71-4524-9233-55F7917BB5AE}
	EndProjectSection
EndProject
Project("{F184B08F-C81C-45F6-A57F-5ABD9991F28F}") = "Vehicle_PPT", "Vehicle_PPT\Vehicle_PPT.vbproj", "{35E95B1B-DF39-49D2-98AF-81AA090CF3EB}"
EndProject
Project("{F184B08F-C81C-45F6-A57F-5ABD9991F28F}") = "Production_PPT", "Production_PPT\Production_PPT.vbproj", "{DCE9F700-AEB3-46F0-BCCD-9AC46E4BFD32}"
EndProject
Project("{F184B08F-C81C-45F6-A57F-5ABD9991F28F}") = "Production_DAL", "Production_DAL\Production_DAL.vbproj", "{10535586-2DFE-488E-8CAB-F4BBB0936D90}"
	ProjectSection(ProjectDependencies) = postProject
		{DCE9F700-AEB3-46F0-BCCD-9AC46E4BFD32} = {DCE9F700-AEB3-46F0-BCCD-9AC46E4BFD32}
	EndProjectSection
EndProject
Project("{F184B08F-C81C-45F6-A57F-5ABD9991F28F}") = "Production_BOL", "Production_BOL\Production_BOL.vbproj", "{65A909DE-736E-4BFE-8D06-23C052EC597A}"
	ProjectSection(ProjectDependencies) = postProject
		{DCE9F700-AEB3-46F0-BCCD-9AC46E4BFD32} = {DCE9F700-AEB3-46F0-BCCD-9AC46E4BFD32}
		{10535586-2DFE-488E-8CAB-F4BBB0936D90} = {10535586-2DFE-488E-8CAB-F4BBB0936D90}
	EndProjectSection
EndProject
Project("{F184B08F-C81C-45F6-A57F-5ABD9991F28F}") = "WeighBridge_PPT", "WeighBridge_PPT\WeighBridge_PPT.vbproj", "{D0DAC728-340D-4181-B4CA-227E2C6F2120}"
EndProject
Project("{F184B08F-C81C-45F6-A57F-5ABD9991F28F}") = "WeighBridge_DAL", "WeighBridge_DAL\WeighBridge_DAL.vbproj", "{B2084F4E-9B3A-4C9C-BA50-A23AEC47140F}"
	ProjectSection(ProjectDependencies) = postProject
		{D0DAC728-340D-4181-B4CA-227E2C6F2120} = {D0DAC728-340D-4181-B4CA-227E2C6F2120}
	EndProjectSection
EndProject
Project("{F184B08F-C81C-45F6-A57F-5ABD9991F28F}") = "WeighBridge_BOL", "WeighBridge_BOL\WeighBridge_BOL.vbproj", "{5E5DD60A-DD0E-4F49-A7B7-0169FDA49854}"
	ProjectSection(ProjectDependencies) = postProject
		{D0DAC728-340D-4181-B4CA-227E2C6F2120} = {D0DAC728-340D-4181-B4CA-227E2C6F2120}
		{B2084F4E-9B3A-4C9C-BA50-A23AEC47140F} = {B2084F4E-9B3A-4C9C-BA50-A23AEC47140F}
	EndProjectSection
EndProject
Project("{F184B08F-C81C-45F6-A57F-5ABD9991F28F}") = "CheckRoll_PPT", "CheckRoll_PPT\CheckRoll_PPT.vbproj", "{54E80CF1-CAD7-4CA2-BF58-3F3C797CB8AE}"
EndProject
Project("{F184B08F-C81C-45F6-A57F-5ABD9991F28F}") = "CheckRoll_DAL", "CheckRoll_DAL\CheckRoll_DAL.vbproj", "{A5A66BD8-522B-401D-AFEA-B8D6925F4275}"
EndProject
Project("{F184B08F-C81C-45F6-A57F-5ABD9991F28F}") = "CheckRoll_BOL", "CheckRoll_BOL\CheckRoll_BOL.vbproj", "{6D78D496-6A5F-4E20-AA60-42E15990806C}"
	ProjectSection(ProjectDependencies) = postProject
		{54E80CF1-CAD7-4CA2-BF58-3F3C797CB8AE} = {54E80CF1-CAD7-4CA2-BF58-3F3C797CB8AE}
	EndProjectSection
EndProject
Project("{54435603-DBB4-11D2-8724-00A0C9A8B90C}") = "Dekstop Installer", "Dekstop Installer\Dekstop Installer.vdproj", "{5F6C9626-EE72-46A1-BD99-B5E7CFB91C4D}"
EndProject
Project("{2150E333-8FDC-42A3-9474-1A3956D46DE8}") = "Solution Items", "Solution Items", "{4BA45EAD-B75B-403C-A682-44FFFB503E83}"
	ProjectSection(SolutionItems) = preProject
		BSP_PMS.vsmdi = BSP_PMS.vsmdi
		Local.testsettings = Local.testsettings
		TraceAndTestImpact.testsettings = TraceAndTestImpact.testsettings
	EndProjectSection
EndProject
Project("{F184B08F-C81C-45F6-A57F-5ABD9991F28F}") = "XML.Generator", "XML.Generator\XML.Generator.vbproj", "{45596D15-6A79-4B19-8B3C-1CD4CE9ADDA6}"
EndProject
Global
	GlobalSection(SubversionScc) = preSolution
		Svn-Managed = True
		Manager = AnkhSVN - Subversion Support for Visual Studio
	EndGlobalSection
	GlobalSection(TestCaseManagementSettings) = postSolution
		CategoryFile = BSP_PMS.vsmdi
	EndGlobalSection
	GlobalSection(SolutionConfigurationPlatforms) = preSolution
		CD_ROM|Any CPU = CD_ROM|Any CPU
		CD_ROM|x86 = CD_ROM|x86
		Debug|Any CPU = Debug|Any CPU
		Debug|x86 = Debug|x86
		DVD-5|Any CPU = DVD-5|Any CPU
		DVD-5|x86 = DVD-5|x86
		Release|Any CPU = Release|Any CPU
		Release|x86 = Release|x86
		SingleImage|Any CPU = SingleImage|Any CPU
		SingleImage|x86 = SingleImage|x86
	EndGlobalSection
	GlobalSection(ProjectConfigurationPlatforms) = postSolution
		{3106309D-F7B9-4347-8D20-202871F68666}.CD_ROM|Any CPU.ActiveCfg = Release|Any CPU
		{3106309D-F7B9-4347-8D20-202871F68666}.CD_ROM|Any CPU.Build.0 = Release|Any CPU
		{3106309D-F7B9-4347-8D20-202871F68666}.CD_ROM|x86.ActiveCfg = Release|x86
		{3106309D-F7B9-4347-8D20-202871F68666}.CD_ROM|x86.Build.0 = Release|x86
		{3106309D-F7B9-4347-8D20-202871F68666}.Debug|Any CPU.ActiveCfg = Debug|Any CPU
		{3106309D-F7B9-4347-8D20-202871F68666}.Debug|Any CPU.Build.0 = Debug|Any CPU
		{3106309D-F7B9-4347-8D20-202871F68666}.Debug|x86.ActiveCfg = Debug|x86
		{3106309D-F7B9-4347-8D20-202871F68666}.Debug|x86.Build.0 = Debug|x86
		{3106309D-F7B9-4347-8D20-202871F68666}.DVD-5|Any CPU.ActiveCfg = Debug|Any CPU
		{3106309D-F7B9-4347-8D20-202871F68666}.DVD-5|Any CPU.Build.0 = Debug|Any CPU
		{3106309D-F7B9-4347-8D20-202871F68666}.DVD-5|x86.ActiveCfg = Debug|x86
		{3106309D-F7B9-4347-8D20-202871F68666}.DVD-5|x86.Build.0 = Debug|x86
		{3106309D-F7B9-4347-8D20-202871F68666}.Release|Any CPU.ActiveCfg = Release|Any CPU
		{3106309D-F7B9-4347-8D20-202871F68666}.Release|Any CPU.Build.0 = Release|Any CPU
		{3106309D-F7B9-4347-8D20-202871F68666}.Release|x86.ActiveCfg = Release|x86
		{3106309D-F7B9-4347-8D20-202871F68666}.Release|x86.Build.0 = Release|x86
		{3106309D-F7B9-4347-8D20-202871F68666}.SingleImage|Any CPU.ActiveCfg = Release|Any CPU
		{3106309D-F7B9-4347-8D20-202871F68666}.SingleImage|Any CPU.Build.0 = Release|Any CPU
		{3106309D-F7B9-4347-8D20-202871F68666}.SingleImage|x86.ActiveCfg = Release|x86
		{3106309D-F7B9-4347-8D20-202871F68666}.SingleImage|x86.Build.0 = Release|x86
		{21F554F9-1DE9-491D-8E4E-A9BF6DBC02E6}.CD_ROM|Any CPU.ActiveCfg = Release|Any CPU
		{21F554F9-1DE9-491D-8E4E-A9BF6DBC02E6}.CD_ROM|Any CPU.Build.0 = Release|Any CPU
		{21F554F9-1DE9-491D-8E4E-A9BF6DBC02E6}.CD_ROM|x86.ActiveCfg = Release|x86
		{21F554F9-1DE9-491D-8E4E-A9BF6DBC02E6}.CD_ROM|x86.Build.0 = Release|x86
		{21F554F9-1DE9-491D-8E4E-A9BF6DBC02E6}.Debug|Any CPU.ActiveCfg = Debug|Any CPU
		{21F554F9-1DE9-491D-8E4E-A9BF6DBC02E6}.Debug|Any CPU.Build.0 = Debug|Any CPU
		{21F554F9-1DE9-491D-8E4E-A9BF6DBC02E6}.Debug|x86.ActiveCfg = Debug|x86
		{21F554F9-1DE9-491D-8E4E-A9BF6DBC02E6}.Debug|x86.Build.0 = Debug|x86
		{21F554F9-1DE9-491D-8E4E-A9BF6DBC02E6}.DVD-5|Any CPU.ActiveCfg = Debug|Any CPU
		{21F554F9-1DE9-491D-8E4E-A9BF6DBC02E6}.DVD-5|Any CPU.Build.0 = Debug|Any CPU
		{21F554F9-1DE9-491D-8E4E-A9BF6DBC02E6}.DVD-5|x86.ActiveCfg = Debug|x86
		{21F554F9-1DE9-491D-8E4E-A9BF6DBC02E6}.DVD-5|x86.Build.0 = Debug|x86
		{21F554F9-1DE9-491D-8E4E-A9BF6DBC02E6}.Release|Any CPU.ActiveCfg = Release|Any CPU
		{21F554F9-1DE9-491D-8E4E-A9BF6DBC02E6}.Release|Any CPU.Build.0 = Release|Any CPU
		{21F554F9-1DE9-491D-8E4E-A9BF6DBC02E6}.Release|x86.ActiveCfg = Release|x86
		{21F554F9-1DE9-491D-8E4E-A9BF6DBC02E6}.Release|x86.Build.0 = Release|x86
		{21F554F9-1DE9-491D-8E4E-A9BF6DBC02E6}.SingleImage|Any CPU.ActiveCfg = Release|Any CPU
		{21F554F9-1DE9-491D-8E4E-A9BF6DBC02E6}.SingleImage|Any CPU.Build.0 = Release|Any CPU
		{21F554F9-1DE9-491D-8E4E-A9BF6DBC02E6}.SingleImage|x86.ActiveCfg = Release|x86
		{21F554F9-1DE9-491D-8E4E-A9BF6DBC02E6}.SingleImage|x86.Build.0 = Release|x86
		{EC91D5CE-A7E3-4F25-9FDC-D69C9C674D92}.CD_ROM|Any CPU.ActiveCfg = Release|Any CPU
		{EC91D5CE-A7E3-4F25-9FDC-D69C9C674D92}.CD_ROM|Any CPU.Build.0 = Release|Any CPU
		{EC91D5CE-A7E3-4F25-9FDC-D69C9C674D92}.CD_ROM|x86.ActiveCfg = Release|x86
		{EC91D5CE-A7E3-4F25-9FDC-D69C9C674D92}.CD_ROM|x86.Build.0 = Release|x86
		{EC91D5CE-A7E3-4F25-9FDC-D69C9C674D92}.Debug|Any CPU.ActiveCfg = Debug|Any CPU
		{EC91D5CE-A7E3-4F25-9FDC-D69C9C674D92}.Debug|Any CPU.Build.0 = Debug|Any CPU
		{EC91D5CE-A7E3-4F25-9FDC-D69C9C674D92}.Debug|x86.ActiveCfg = Debug|x86
		{EC91D5CE-A7E3-4F25-9FDC-D69C9C674D92}.Debug|x86.Build.0 = Debug|x86
		{EC91D5CE-A7E3-4F25-9FDC-D69C9C674D92}.DVD-5|Any CPU.ActiveCfg = Debug|Any CPU
		{EC91D5CE-A7E3-4F25-9FDC-D69C9C674D92}.DVD-5|Any CPU.Build.0 = Debug|Any CPU
		{EC91D5CE-A7E3-4F25-9FDC-D69C9C674D92}.DVD-5|x86.ActiveCfg = Debug|x86
		{EC91D5CE-A7E3-4F25-9FDC-D69C9C674D92}.DVD-5|x86.Build.0 = Debug|x86
		{EC91D5CE-A7E3-4F25-9FDC-D69C9C674D92}.Release|Any CPU.ActiveCfg = Release|Any CPU
		{EC91D5CE-A7E3-4F25-9FDC-D69C9C674D92}.Release|Any CPU.Build.0 = Release|Any CPU
		{EC91D5CE-A7E3-4F25-9FDC-D69C9C674D92}.Release|x86.ActiveCfg = Release|x86
		{EC91D5CE-A7E3-4F25-9FDC-D69C9C674D92}.Release|x86.Build.0 = Release|x86
		{EC91D5CE-A7E3-4F25-9FDC-D69C9C674D92}.SingleImage|Any CPU.ActiveCfg = Release|Any CPU
		{EC91D5CE-A7E3-4F25-9FDC-D69C9C674D92}.SingleImage|Any CPU.Build.0 = Release|Any CPU
		{EC91D5CE-A7E3-4F25-9FDC-D69C9C674D92}.SingleImage|x86.ActiveCfg = Release|x86
		{EC91D5CE-A7E3-4F25-9FDC-D69C9C674D92}.SingleImage|x86.Build.0 = Release|x86
		{3E75E5D3-4321-4D88-8506-EC9A99ACAC4C}.CD_ROM|Any CPU.ActiveCfg = Release|Any CPU
		{3E75E5D3-4321-4D88-8506-EC9A99ACAC4C}.CD_ROM|Any CPU.Build.0 = Release|Any CPU
		{3E75E5D3-4321-4D88-8506-EC9A99ACAC4C}.CD_ROM|x86.ActiveCfg = Release|x86
		{3E75E5D3-4321-4D88-8506-EC9A99ACAC4C}.CD_ROM|x86.Build.0 = Release|x86
		{3E75E5D3-4321-4D88-8506-EC9A99ACAC4C}.Debug|Any CPU.ActiveCfg = Debug|Any CPU
		{3E75E5D3-4321-4D88-8506-EC9A99ACAC4C}.Debug|Any CPU.Build.0 = Debug|Any CPU
		{3E75E5D3-4321-4D88-8506-EC9A99ACAC4C}.Debug|x86.ActiveCfg = Debug|x86
		{3E75E5D3-4321-4D88-8506-EC9A99ACAC4C}.Debug|x86.Build.0 = Debug|x86
		{3E75E5D3-4321-4D88-8506-EC9A99ACAC4C}.DVD-5|Any CPU.ActiveCfg = Debug|Any CPU
		{3E75E5D3-4321-4D88-8506-EC9A99ACAC4C}.DVD-5|Any CPU.Build.0 = Debug|Any CPU
		{3E75E5D3-4321-4D88-8506-EC9A99ACAC4C}.DVD-5|x86.ActiveCfg = Debug|x86
		{3E75E5D3-4321-4D88-8506-EC9A99ACAC4C}.DVD-5|x86.Build.0 = Debug|x86
		{3E75E5D3-4321-4D88-8506-EC9A99ACAC4C}.Release|Any CPU.ActiveCfg = Release|Any CPU
		{3E75E5D3-4321-4D88-8506-EC9A99ACAC4C}.Release|Any CPU.Build.0 = Release|Any CPU
		{3E75E5D3-4321-4D88-8506-EC9A99ACAC4C}.Release|x86.ActiveCfg = Release|x86
		{3E75E5D3-4321-4D88-8506-EC9A99ACAC4C}.Release|x86.Build.0 = Release|x86
		{3E75E5D3-4321-4D88-8506-EC9A99ACAC4C}.SingleImage|Any CPU.ActiveCfg = Release|Any CPU
		{3E75E5D3-4321-4D88-8506-EC9A99ACAC4C}.SingleImage|Any CPU.Build.0 = Release|Any CPU
		{3E75E5D3-4321-4D88-8506-EC9A99ACAC4C}.SingleImage|x86.ActiveCfg = Release|x86
		{3E75E5D3-4321-4D88-8506-EC9A99ACAC4C}.SingleImage|x86.Build.0 = Release|x86
		{078FF86A-CCA4-44B2-9774-117F6562CF2C}.CD_ROM|Any CPU.ActiveCfg = Release|Any CPU
		{078FF86A-CCA4-44B2-9774-117F6562CF2C}.CD_ROM|Any CPU.Build.0 = Release|Any CPU
		{078FF86A-CCA4-44B2-9774-117F6562CF2C}.CD_ROM|x86.ActiveCfg = Release|x86
		{078FF86A-CCA4-44B2-9774-117F6562CF2C}.CD_ROM|x86.Build.0 = Release|x86
		{078FF86A-CCA4-44B2-9774-117F6562CF2C}.Debug|Any CPU.ActiveCfg = Debug|Any CPU
		{078FF86A-CCA4-44B2-9774-117F6562CF2C}.Debug|Any CPU.Build.0 = Debug|Any CPU
		{078FF86A-CCA4-44B2-9774-117F6562CF2C}.Debug|x86.ActiveCfg = Debug|x86
		{078FF86A-CCA4-44B2-9774-117F6562CF2C}.Debug|x86.Build.0 = Debug|x86
		{078FF86A-CCA4-44B2-9774-117F6562CF2C}.DVD-5|Any CPU.ActiveCfg = Debug|Any CPU
		{078FF86A-CCA4-44B2-9774-117F6562CF2C}.DVD-5|Any CPU.Build.0 = Debug|Any CPU
		{078FF86A-CCA4-44B2-9774-117F6562CF2C}.DVD-5|x86.ActiveCfg = Debug|x86
		{078FF86A-CCA4-44B2-9774-117F6562CF2C}.DVD-5|x86.Build.0 = Debug|x86
		{078FF86A-CCA4-44B2-9774-117F6562CF2C}.Release|Any CPU.ActiveCfg = Release|Any CPU
		{078FF86A-CCA4-44B2-9774-117F6562CF2C}.Release|Any CPU.Build.0 = Release|Any CPU
		{078FF86A-CCA4-44B2-9774-117F6562CF2C}.Release|x86.ActiveCfg = Release|x86
		{078FF86A-CCA4-44B2-9774-117F6562CF2C}.Release|x86.Build.0 = Release|x86
		{078FF86A-CCA4-44B2-9774-117F6562CF2C}.SingleImage|Any CPU.ActiveCfg = Release|Any CPU
		{078FF86A-CCA4-44B2-9774-117F6562CF2C}.SingleImage|Any CPU.Build.0 = Release|Any CPU
		{078FF86A-CCA4-44B2-9774-117F6562CF2C}.SingleImage|x86.ActiveCfg = Release|x86
		{078FF86A-CCA4-44B2-9774-117F6562CF2C}.SingleImage|x86.Build.0 = Release|x86
		{B1037F6C-CD31-43F0-8C88-C74542551EBF}.CD_ROM|Any CPU.ActiveCfg = Release|Any CPU
		{B1037F6C-CD31-43F0-8C88-C74542551EBF}.CD_ROM|Any CPU.Build.0 = Release|Any CPU
		{B1037F6C-CD31-43F0-8C88-C74542551EBF}.CD_ROM|x86.ActiveCfg = Release|x86
		{B1037F6C-CD31-43F0-8C88-C74542551EBF}.CD_ROM|x86.Build.0 = Release|x86
		{B1037F6C-CD31-43F0-8C88-C74542551EBF}.Debug|Any CPU.ActiveCfg = Debug|Any CPU
		{B1037F6C-CD31-43F0-8C88-C74542551EBF}.Debug|Any CPU.Build.0 = Debug|Any CPU
		{B1037F6C-CD31-43F0-8C88-C74542551EBF}.Debug|x86.ActiveCfg = Debug|x86
		{B1037F6C-CD31-43F0-8C88-C74542551EBF}.Debug|x86.Build.0 = Debug|x86
		{B1037F6C-CD31-43F0-8C88-C74542551EBF}.DVD-5|Any CPU.ActiveCfg = Debug|Any CPU
		{B1037F6C-CD31-43F0-8C88-C74542551EBF}.DVD-5|Any CPU.Build.0 = Debug|Any CPU
		{B1037F6C-CD31-43F0-8C88-C74542551EBF}.DVD-5|x86.ActiveCfg = Debug|x86
		{B1037F6C-CD31-43F0-8C88-C74542551EBF}.DVD-5|x86.Build.0 = Debug|x86
		{B1037F6C-CD31-43F0-8C88-C74542551EBF}.Release|Any CPU.ActiveCfg = Release|Any CPU
		{B1037F6C-CD31-43F0-8C88-C74542551EBF}.Release|Any CPU.Build.0 = Release|Any CPU
		{B1037F6C-CD31-43F0-8C88-C74542551EBF}.Release|x86.ActiveCfg = Release|x86
		{B1037F6C-CD31-43F0-8C88-C74542551EBF}.Release|x86.Build.0 = Release|x86
		{B1037F6C-CD31-43F0-8C88-C74542551EBF}.SingleImage|Any CPU.ActiveCfg = Release|Any CPU
		{B1037F6C-CD31-43F0-8C88-C74542551EBF}.SingleImage|Any CPU.Build.0 = Release|Any CPU
		{B1037F6C-CD31-43F0-8C88-C74542551EBF}.SingleImage|x86.ActiveCfg = Release|x86
		{B1037F6C-CD31-43F0-8C88-C74542551EBF}.SingleImage|x86.Build.0 = Release|x86
		{9D997C5C-6F36-4933-A271-04EAD342425F}.CD_ROM|Any CPU.ActiveCfg = Release|Any CPU
		{9D997C5C-6F36-4933-A271-04EAD342425F}.CD_ROM|Any CPU.Build.0 = Release|Any CPU
		{9D997C5C-6F36-4933-A271-04EAD342425F}.CD_ROM|x86.ActiveCfg = Release|x86
		{9D997C5C-6F36-4933-A271-04EAD342425F}.CD_ROM|x86.Build.0 = Release|x86
		{9D997C5C-6F36-4933-A271-04EAD342425F}.Debug|Any CPU.ActiveCfg = Debug|Any CPU
		{9D997C5C-6F36-4933-A271-04EAD342425F}.Debug|Any CPU.Build.0 = Debug|Any CPU
		{9D997C5C-6F36-4933-A271-04EAD342425F}.Debug|x86.ActiveCfg = Debug|x86
		{9D997C5C-6F36-4933-A271-04EAD342425F}.Debug|x86.Build.0 = Debug|x86
		{9D997C5C-6F36-4933-A271-04EAD342425F}.DVD-5|Any CPU.ActiveCfg = Debug|Any CPU
		{9D997C5C-6F36-4933-A271-04EAD342425F}.DVD-5|Any CPU.Build.0 = Debug|Any CPU
		{9D997C5C-6F36-4933-A271-04EAD342425F}.DVD-5|x86.ActiveCfg = Debug|x86
		{9D997C5C-6F36-4933-A271-04EAD342425F}.DVD-5|x86.Build.0 = Debug|x86
		{9D997C5C-6F36-4933-A271-04EAD342425F}.Release|Any CPU.ActiveCfg = Release|Any CPU
		{9D997C5C-6F36-4933-A271-04EAD342425F}.Release|Any CPU.Build.0 = Release|Any CPU
		{9D997C5C-6F36-4933-A271-04EAD342425F}.Release|x86.ActiveCfg = Release|x86
		{9D997C5C-6F36-4933-A271-04EAD342425F}.Release|x86.Build.0 = Release|x86
		{9D997C5C-6F36-4933-A271-04EAD342425F}.SingleImage|Any CPU.ActiveCfg = Release|Any CPU
		{9D997C5C-6F36-4933-A271-04EAD342425F}.SingleImage|Any CPU.Build.0 = Release|Any CPU
		{9D997C5C-6F36-4933-A271-04EAD342425F}.SingleImage|x86.ActiveCfg = Release|x86
		{9D997C5C-6F36-4933-A271-04EAD342425F}.SingleImage|x86.Build.0 = Release|x86
		{1B1DD32C-5B2F-48F2-BD11-FB859D0494E6}.CD_ROM|Any CPU.ActiveCfg = Release|Any CPU
		{1B1DD32C-5B2F-48F2-BD11-FB859D0494E6}.CD_ROM|Any CPU.Build.0 = Release|Any CPU
		{1B1DD32C-5B2F-48F2-BD11-FB859D0494E6}.CD_ROM|x86.ActiveCfg = Release|x86
		{1B1DD32C-5B2F-48F2-BD11-FB859D0494E6}.CD_ROM|x86.Build.0 = Release|x86
		{1B1DD32C-5B2F-48F2-BD11-FB859D0494E6}.Debug|Any CPU.ActiveCfg = Debug|Any CPU
		{1B1DD32C-5B2F-48F2-BD11-FB859D0494E6}.Debug|Any CPU.Build.0 = Debug|Any CPU
		{1B1DD32C-5B2F-48F2-BD11-FB859D0494E6}.Debug|x86.ActiveCfg = Debug|x86
		{1B1DD32C-5B2F-48F2-BD11-FB859D0494E6}.Debug|x86.Build.0 = Debug|x86
		{1B1DD32C-5B2F-48F2-BD11-FB859D0494E6}.DVD-5|Any CPU.ActiveCfg = Debug|Any CPU
		{1B1DD32C-5B2F-48F2-BD11-FB859D0494E6}.DVD-5|Any CPU.Build.0 = Debug|Any CPU
		{1B1DD32C-5B2F-48F2-BD11-FB859D0494E6}.DVD-5|x86.ActiveCfg = Debug|x86
		{1B1DD32C-5B2F-48F2-BD11-FB859D0494E6}.DVD-5|x86.Build.0 = Debug|x86
		{1B1DD32C-5B2F-48F2-BD11-FB859D0494E6}.Release|Any CPU.ActiveCfg = Release|Any CPU
		{1B1DD32C-5B2F-48F2-BD11-FB859D0494E6}.Release|Any CPU.Build.0 = Release|Any CPU
		{1B1DD32C-5B2F-48F2-BD11-FB859D0494E6}.Release|x86.ActiveCfg = Release|x86
		{1B1DD32C-5B2F-48F2-BD11-FB859D0494E6}.Release|x86.Build.0 = Release|x86
		{1B1DD32C-5B2F-48F2-BD11-FB859D0494E6}.SingleImage|Any CPU.ActiveCfg = Release|Any CPU
		{1B1DD32C-5B2F-48F2-BD11-FB859D0494E6}.SingleImage|Any CPU.Build.0 = Release|Any CPU
		{1B1DD32C-5B2F-48F2-BD11-FB859D0494E6}.SingleImage|x86.ActiveCfg = Release|x86
		{1B1DD32C-5B2F-48F2-BD11-FB859D0494E6}.SingleImage|x86.Build.0 = Release|x86
		{20212BE6-9E4A-451E-B9A5-81E52F349876}.CD_ROM|Any CPU.ActiveCfg = Release|Any CPU
		{20212BE6-9E4A-451E-B9A5-81E52F349876}.CD_ROM|Any CPU.Build.0 = Release|Any CPU
		{20212BE6-9E4A-451E-B9A5-81E52F349876}.CD_ROM|x86.ActiveCfg = Release|x86
		{20212BE6-9E4A-451E-B9A5-81E52F349876}.CD_ROM|x86.Build.0 = Release|x86
		{20212BE6-9E4A-451E-B9A5-81E52F349876}.Debug|Any CPU.ActiveCfg = Debug|Any CPU
		{20212BE6-9E4A-451E-B9A5-81E52F349876}.Debug|Any CPU.Build.0 = Debug|Any CPU
		{20212BE6-9E4A-451E-B9A5-81E52F349876}.Debug|x86.ActiveCfg = Debug|x86
		{20212BE6-9E4A-451E-B9A5-81E52F349876}.Debug|x86.Build.0 = Debug|x86
		{20212BE6-9E4A-451E-B9A5-81E52F349876}.DVD-5|Any CPU.ActiveCfg = Debug|Any CPU
		{20212BE6-9E4A-451E-B9A5-81E52F349876}.DVD-5|Any CPU.Build.0 = Debug|Any CPU
		{20212BE6-9E4A-451E-B9A5-81E52F349876}.DVD-5|x86.ActiveCfg = Debug|x86
		{20212BE6-9E4A-451E-B9A5-81E52F349876}.DVD-5|x86.Build.0 = Debug|x86
		{20212BE6-9E4A-451E-B9A5-81E52F349876}.Release|Any CPU.ActiveCfg = Release|Any CPU
		{20212BE6-9E4A-451E-B9A5-81E52F349876}.Release|Any CPU.Build.0 = Release|Any CPU
		{20212BE6-9E4A-451E-B9A5-81E52F349876}.Release|x86.ActiveCfg = Release|x86
		{20212BE6-9E4A-451E-B9A5-81E52F349876}.Release|x86.Build.0 = Release|x86
		{20212BE6-9E4A-451E-B9A5-81E52F349876}.SingleImage|Any CPU.ActiveCfg = Release|Any CPU
		{20212BE6-9E4A-451E-B9A5-81E52F349876}.SingleImage|Any CPU.Build.0 = Release|Any CPU
		{20212BE6-9E4A-451E-B9A5-81E52F349876}.SingleImage|x86.ActiveCfg = Release|x86
		{20212BE6-9E4A-451E-B9A5-81E52F349876}.SingleImage|x86.Build.0 = Release|x86
		{FE1AFACB-9BAF-4365-9D2F-C9FAE04830FD}.CD_ROM|Any CPU.ActiveCfg = Release|Any CPU
		{FE1AFACB-9BAF-4365-9D2F-C9FAE04830FD}.CD_ROM|Any CPU.Build.0 = Release|Any CPU
		{FE1AFACB-9BAF-4365-9D2F-C9FAE04830FD}.CD_ROM|x86.ActiveCfg = Release|x86
		{FE1AFACB-9BAF-4365-9D2F-C9FAE04830FD}.CD_ROM|x86.Build.0 = Release|x86
		{FE1AFACB-9BAF-4365-9D2F-C9FAE04830FD}.Debug|Any CPU.ActiveCfg = Debug|Any CPU
		{FE1AFACB-9BAF-4365-9D2F-C9FAE04830FD}.Debug|Any CPU.Build.0 = Debug|Any CPU
		{FE1AFACB-9BAF-4365-9D2F-C9FAE04830FD}.Debug|x86.ActiveCfg = Debug|x86
		{FE1AFACB-9BAF-4365-9D2F-C9FAE04830FD}.Debug|x86.Build.0 = Debug|x86
		{FE1AFACB-9BAF-4365-9D2F-C9FAE04830FD}.DVD-5|Any CPU.ActiveCfg = Debug|Any CPU
		{FE1AFACB-9BAF-4365-9D2F-C9FAE04830FD}.DVD-5|Any CPU.Build.0 = Debug|Any CPU
		{FE1AFACB-9BAF-4365-9D2F-C9FAE04830FD}.DVD-5|x86.ActiveCfg = Debug|x86
		{FE1AFACB-9BAF-4365-9D2F-C9FAE04830FD}.DVD-5|x86.Build.0 = Debug|x86
		{FE1AFACB-9BAF-4365-9D2F-C9FAE04830FD}.Release|Any CPU.ActiveCfg = Release|Any CPU
		{FE1AFACB-9BAF-4365-9D2F-C9FAE04830FD}.Release|Any CPU.Build.0 = Release|Any CPU
		{FE1AFACB-9BAF-4365-9D2F-C9FAE04830FD}.Release|x86.ActiveCfg = Release|x86
		{FE1AFACB-9BAF-4365-9D2F-C9FAE04830FD}.Release|x86.Build.0 = Release|x86
		{FE1AFACB-9BAF-4365-9D2F-C9FAE04830FD}.SingleImage|Any CPU.ActiveCfg = Release|Any CPU
		{FE1AFACB-9BAF-4365-9D2F-C9FAE04830FD}.SingleImage|Any CPU.Build.0 = Release|Any CPU
		{FE1AFACB-9BAF-4365-9D2F-C9FAE04830FD}.SingleImage|x86.ActiveCfg = Release|x86
		{FE1AFACB-9BAF-4365-9D2F-C9FAE04830FD}.SingleImage|x86.Build.0 = Release|x86
		{51525707-68A4-4233-BAC6-53D6A5CEC16F}.CD_ROM|Any CPU.ActiveCfg = Release|Any CPU
		{51525707-68A4-4233-BAC6-53D6A5CEC16F}.CD_ROM|Any CPU.Build.0 = Release|Any CPU
		{51525707-68A4-4233-BAC6-53D6A5CEC16F}.CD_ROM|x86.ActiveCfg = Release|x86
		{51525707-68A4-4233-BAC6-53D6A5CEC16F}.CD_ROM|x86.Build.0 = Release|x86
		{51525707-68A4-4233-BAC6-53D6A5CEC16F}.Debug|Any CPU.ActiveCfg = Debug|Any CPU
		{51525707-68A4-4233-BAC6-53D6A5CEC16F}.Debug|Any CPU.Build.0 = Debug|Any CPU
		{51525707-68A4-4233-BAC6-53D6A5CEC16F}.Debug|x86.ActiveCfg = Debug|x86
		{51525707-68A4-4233-BAC6-53D6A5CEC16F}.Debug|x86.Build.0 = Debug|x86
		{51525707-68A4-4233-BAC6-53D6A5CEC16F}.DVD-5|Any CPU.ActiveCfg = Debug|Any CPU
		{51525707-68A4-4233-BAC6-53D6A5CEC16F}.DVD-5|Any CPU.Build.0 = Debug|Any CPU
		{51525707-68A4-4233-BAC6-53D6A5CEC16F}.DVD-5|x86.ActiveCfg = Debug|x86
		{51525707-68A4-4233-BAC6-53D6A5CEC16F}.DVD-5|x86.Build.0 = Debug|x86
		{51525707-68A4-4233-BAC6-53D6A5CEC16F}.Release|Any CPU.ActiveCfg = Release|Any CPU
		{51525707-68A4-4233-BAC6-53D6A5CEC16F}.Release|Any CPU.Build.0 = Release|Any CPU
		{51525707-68A4-4233-BAC6-53D6A5CEC16F}.Release|x86.ActiveCfg = Release|x86
		{51525707-68A4-4233-BAC6-53D6A5CEC16F}.Release|x86.Build.0 = Release|x86
		{51525707-68A4-4233-BAC6-53D6A5CEC16F}.SingleImage|Any CPU.ActiveCfg = Release|Any CPU
		{51525707-68A4-4233-BAC6-53D6A5CEC16F}.SingleImage|Any CPU.Build.0 = Release|Any CPU
		{51525707-68A4-4233-BAC6-53D6A5CEC16F}.SingleImage|x86.ActiveCfg = Release|x86
		{51525707-68A4-4233-BAC6-53D6A5CEC16F}.SingleImage|x86.Build.0 = Release|x86
		{60AF4FE3-E183-4185-B22A-6F0EF1D317B0}.CD_ROM|Any CPU.ActiveCfg = Release|Any CPU
		{60AF4FE3-E183-4185-B22A-6F0EF1D317B0}.CD_ROM|Any CPU.Build.0 = Release|Any CPU
		{60AF4FE3-E183-4185-B22A-6F0EF1D317B0}.CD_ROM|x86.ActiveCfg = Release|x86
		{60AF4FE3-E183-4185-B22A-6F0EF1D317B0}.CD_ROM|x86.Build.0 = Release|x86
		{60AF4FE3-E183-4185-B22A-6F0EF1D317B0}.Debug|Any CPU.ActiveCfg = Debug|Any CPU
		{60AF4FE3-E183-4185-B22A-6F0EF1D317B0}.Debug|Any CPU.Build.0 = Debug|Any CPU
		{60AF4FE3-E183-4185-B22A-6F0EF1D317B0}.Debug|x86.ActiveCfg = Debug|x86
		{60AF4FE3-E183-4185-B22A-6F0EF1D317B0}.Debug|x86.Build.0 = Debug|x86
		{60AF4FE3-E183-4185-B22A-6F0EF1D317B0}.DVD-5|Any CPU.ActiveCfg = Debug|Any CPU
		{60AF4FE3-E183-4185-B22A-6F0EF1D317B0}.DVD-5|Any CPU.Build.0 = Debug|Any CPU
		{60AF4FE3-E183-4185-B22A-6F0EF1D317B0}.DVD-5|x86.ActiveCfg = Debug|x86
		{60AF4FE3-E183-4185-B22A-6F0EF1D317B0}.DVD-5|x86.Build.0 = Debug|x86
		{60AF4FE3-E183-4185-B22A-6F0EF1D317B0}.Release|Any CPU.ActiveCfg = Release|Any CPU
		{60AF4FE3-E183-4185-B22A-6F0EF1D317B0}.Release|Any CPU.Build.0 = Release|Any CPU
		{60AF4FE3-E183-4185-B22A-6F0EF1D317B0}.Release|x86.ActiveCfg = Release|x86
		{60AF4FE3-E183-4185-B22A-6F0EF1D317B0}.Release|x86.Build.0 = Release|x86
		{60AF4FE3-E183-4185-B22A-6F0EF1D317B0}.SingleImage|Any CPU.ActiveCfg = Release|Any CPU
		{60AF4FE3-E183-4185-B22A-6F0EF1D317B0}.SingleImage|Any CPU.Build.0 = Release|Any CPU
		{60AF4FE3-E183-4185-B22A-6F0EF1D317B0}.SingleImage|x86.ActiveCfg = Release|x86
		{60AF4FE3-E183-4185-B22A-6F0EF1D317B0}.SingleImage|x86.Build.0 = Release|x86
		{70523767-42F6-41DB-A863-CA90A7843EB5}.CD_ROM|Any CPU.ActiveCfg = Release|Any CPU
		{70523767-42F6-41DB-A863-CA90A7843EB5}.CD_ROM|Any CPU.Build.0 = Release|Any CPU
		{70523767-42F6-41DB-A863-CA90A7843EB5}.CD_ROM|x86.ActiveCfg = Release|x86
		{70523767-42F6-41DB-A863-CA90A7843EB5}.CD_ROM|x86.Build.0 = Release|x86
		{70523767-42F6-41DB-A863-CA90A7843EB5}.Debug|Any CPU.ActiveCfg = Debug|Any CPU
		{70523767-42F6-41DB-A863-CA90A7843EB5}.Debug|Any CPU.Build.0 = Debug|Any CPU
		{70523767-42F6-41DB-A863-CA90A7843EB5}.Debug|x86.ActiveCfg = Debug|x86
		{70523767-42F6-41DB-A863-CA90A7843EB5}.Debug|x86.Build.0 = Debug|x86
		{70523767-42F6-41DB-A863-CA90A7843EB5}.DVD-5|Any CPU.ActiveCfg = Debug|Any CPU
		{70523767-42F6-41DB-A863-CA90A7843EB5}.DVD-5|Any CPU.Build.0 = Debug|Any CPU
		{70523767-42F6-41DB-A863-CA90A7843EB5}.DVD-5|x86.ActiveCfg = Debug|x86
		{70523767-42F6-41DB-A863-CA90A7843EB5}.DVD-5|x86.Build.0 = Debug|x86
		{70523767-42F6-41DB-A863-CA90A7843EB5}.Release|Any CPU.ActiveCfg = Release|Any CPU
		{70523767-42F6-41DB-A863-CA90A7843EB5}.Release|Any CPU.Build.0 = Release|Any CPU
		{70523767-42F6-41DB-A863-CA90A7843EB5}.Release|x86.ActiveCfg = Release|x86
		{70523767-42F6-41DB-A863-CA90A7843EB5}.Release|x86.Build.0 = Release|x86
		{70523767-42F6-41DB-A863-CA90A7843EB5}.SingleImage|Any CPU.ActiveCfg = Release|Any CPU
		{70523767-42F6-41DB-A863-CA90A7843EB5}.SingleImage|Any CPU.Build.0 = Release|Any CPU
		{70523767-42F6-41DB-A863-CA90A7843EB5}.SingleImage|x86.ActiveCfg = Release|x86
		{70523767-42F6-41DB-A863-CA90A7843EB5}.SingleImage|x86.Build.0 = Release|x86
		{13035DAA-CD71-4524-9233-55F7917BB5AE}.CD_ROM|Any CPU.ActiveCfg = Release|Any CPU
		{13035DAA-CD71-4524-9233-55F7917BB5AE}.CD_ROM|Any CPU.Build.0 = Release|Any CPU
		{13035DAA-CD71-4524-9233-55F7917BB5AE}.CD_ROM|x86.ActiveCfg = Release|x86
		{13035DAA-CD71-4524-9233-55F7917BB5AE}.CD_ROM|x86.Build.0 = Release|x86
		{13035DAA-CD71-4524-9233-55F7917BB5AE}.Debug|Any CPU.ActiveCfg = Debug|Any CPU
		{13035DAA-CD71-4524-9233-55F7917BB5AE}.Debug|Any CPU.Build.0 = Debug|Any CPU
		{13035DAA-CD71-4524-9233-55F7917BB5AE}.Debug|x86.ActiveCfg = Debug|x86
		{13035DAA-CD71-4524-9233-55F7917BB5AE}.Debug|x86.Build.0 = Debug|x86
		{13035DAA-CD71-4524-9233-55F7917BB5AE}.DVD-5|Any CPU.ActiveCfg = Debug|Any CPU
		{13035DAA-CD71-4524-9233-55F7917BB5AE}.DVD-5|Any CPU.Build.0 = Debug|Any CPU
		{13035DAA-CD71-4524-9233-55F7917BB5AE}.DVD-5|x86.ActiveCfg = Debug|x86
		{13035DAA-CD71-4524-9233-55F7917BB5AE}.DVD-5|x86.Build.0 = Debug|x86
		{13035DAA-CD71-4524-9233-55F7917BB5AE}.Release|Any CPU.ActiveCfg = Release|Any CPU
		{13035DAA-CD71-4524-9233-55F7917BB5AE}.Release|Any CPU.Build.0 = Release|Any CPU
		{13035DAA-CD71-4524-9233-55F7917BB5AE}.Release|x86.ActiveCfg = Release|x86
		{13035DAA-CD71-4524-9233-55F7917BB5AE}.Release|x86.Build.0 = Release|x86
		{13035DAA-CD71-4524-9233-55F7917BB5AE}.SingleImage|Any CPU.ActiveCfg = Release|Any CPU
		{13035DAA-CD71-4524-9233-55F7917BB5AE}.SingleImage|Any CPU.Build.0 = Release|Any CPU
		{13035DAA-CD71-4524-9233-55F7917BB5AE}.SingleImage|x86.ActiveCfg = Release|x86
		{13035DAA-CD71-4524-9233-55F7917BB5AE}.SingleImage|x86.Build.0 = Release|x86
		{E065329E-EA63-4CD2-9EF5-C630443F358A}.CD_ROM|Any CPU.ActiveCfg = Release|Any CPU
		{E065329E-EA63-4CD2-9EF5-C630443F358A}.CD_ROM|Any CPU.Build.0 = Release|Any CPU
		{E065329E-EA63-4CD2-9EF5-C630443F358A}.CD_ROM|x86.ActiveCfg = Release|x86
		{E065329E-EA63-4CD2-9EF5-C630443F358A}.CD_ROM|x86.Build.0 = Release|x86
		{E065329E-EA63-4CD2-9EF5-C630443F358A}.Debug|Any CPU.ActiveCfg = Debug|Any CPU
		{E065329E-EA63-4CD2-9EF5-C630443F358A}.Debug|Any CPU.Build.0 = Debug|Any CPU
		{E065329E-EA63-4CD2-9EF5-C630443F358A}.Debug|x86.ActiveCfg = Debug|x86
		{E065329E-EA63-4CD2-9EF5-C630443F358A}.Debug|x86.Build.0 = Debug|x86
		{E065329E-EA63-4CD2-9EF5-C630443F358A}.DVD-5|Any CPU.ActiveCfg = Debug|Any CPU
		{E065329E-EA63-4CD2-9EF5-C630443F358A}.DVD-5|Any CPU.Build.0 = Debug|Any CPU
		{E065329E-EA63-4CD2-9EF5-C630443F358A}.DVD-5|x86.ActiveCfg = Debug|x86
		{E065329E-EA63-4CD2-9EF5-C630443F358A}.DVD-5|x86.Build.0 = Debug|x86
		{E065329E-EA63-4CD2-9EF5-C630443F358A}.Release|Any CPU.ActiveCfg = Release|Any CPU
		{E065329E-EA63-4CD2-9EF5-C630443F358A}.Release|Any CPU.Build.0 = Release|Any CPU
		{E065329E-EA63-4CD2-9EF5-C630443F358A}.Release|x86.ActiveCfg = Release|x86
		{E065329E-EA63-4CD2-9EF5-C630443F358A}.Release|x86.Build.0 = Release|x86
		{E065329E-EA63-4CD2-9EF5-C630443F358A}.SingleImage|Any CPU.ActiveCfg = Release|Any CPU
		{E065329E-EA63-4CD2-9EF5-C630443F358A}.SingleImage|Any CPU.Build.0 = Release|Any CPU
		{E065329E-EA63-4CD2-9EF5-C630443F358A}.SingleImage|x86.ActiveCfg = Release|x86
		{E065329E-EA63-4CD2-9EF5-C630443F358A}.SingleImage|x86.Build.0 = Release|x86
		{35E95B1B-DF39-49D2-98AF-81AA090CF3EB}.CD_ROM|Any CPU.ActiveCfg = Release|Any CPU
		{35E95B1B-DF39-49D2-98AF-81AA090CF3EB}.CD_ROM|Any CPU.Build.0 = Release|Any CPU
		{35E95B1B-DF39-49D2-98AF-81AA090CF3EB}.CD_ROM|x86.ActiveCfg = Release|x86
		{35E95B1B-DF39-49D2-98AF-81AA090CF3EB}.CD_ROM|x86.Build.0 = Release|x86
		{35E95B1B-DF39-49D2-98AF-81AA090CF3EB}.Debug|Any CPU.ActiveCfg = Debug|Any CPU
		{35E95B1B-DF39-49D2-98AF-81AA090CF3EB}.Debug|Any CPU.Build.0 = Debug|Any CPU
		{35E95B1B-DF39-49D2-98AF-81AA090CF3EB}.Debug|x86.ActiveCfg = Debug|x86
		{35E95B1B-DF39-49D2-98AF-81AA090CF3EB}.Debug|x86.Build.0 = Debug|x86
		{35E95B1B-DF39-49D2-98AF-81AA090CF3EB}.DVD-5|Any CPU.ActiveCfg = Debug|Any CPU
		{35E95B1B-DF39-49D2-98AF-81AA090CF3EB}.DVD-5|Any CPU.Build.0 = Debug|Any CPU
		{35E95B1B-DF39-49D2-98AF-81AA090CF3EB}.DVD-5|x86.ActiveCfg = Debug|x86
		{35E95B1B-DF39-49D2-98AF-81AA090CF3EB}.DVD-5|x86.Build.0 = Debug|x86
		{35E95B1B-DF39-49D2-98AF-81AA090CF3EB}.Release|Any CPU.ActiveCfg = Release|Any CPU
		{35E95B1B-DF39-49D2-98AF-81AA090CF3EB}.Release|Any CPU.Build.0 = Release|Any CPU
		{35E95B1B-DF39-49D2-98AF-81AA090CF3EB}.Release|x86.ActiveCfg = Release|x86
		{35E95B1B-DF39-49D2-98AF-81AA090CF3EB}.Release|x86.Build.0 = Release|x86
		{35E95B1B-DF39-49D2-98AF-81AA090CF3EB}.SingleImage|Any CPU.ActiveCfg = Release|Any CPU
		{35E95B1B-DF39-49D2-98AF-81AA090CF3EB}.SingleImage|Any CPU.Build.0 = Release|Any CPU
		{35E95B1B-DF39-49D2-98AF-81AA090CF3EB}.SingleImage|x86.ActiveCfg = Release|x86
		{35E95B1B-DF39-49D2-98AF-81AA090CF3EB}.SingleImage|x86.Build.0 = Release|x86
		{DCE9F700-AEB3-46F0-BCCD-9AC46E4BFD32}.CD_ROM|Any CPU.ActiveCfg = Release|Any CPU
		{DCE9F700-AEB3-46F0-BCCD-9AC46E4BFD32}.CD_ROM|Any CPU.Build.0 = Release|Any CPU
		{DCE9F700-AEB3-46F0-BCCD-9AC46E4BFD32}.CD_ROM|x86.ActiveCfg = Release|x86
		{DCE9F700-AEB3-46F0-BCCD-9AC46E4BFD32}.CD_ROM|x86.Build.0 = Release|x86
		{DCE9F700-AEB3-46F0-BCCD-9AC46E4BFD32}.Debug|Any CPU.ActiveCfg = Debug|Any CPU
		{DCE9F700-AEB3-46F0-BCCD-9AC46E4BFD32}.Debug|Any CPU.Build.0 = Debug|Any CPU
		{DCE9F700-AEB3-46F0-BCCD-9AC46E4BFD32}.Debug|x86.ActiveCfg = Debug|x86
		{DCE9F700-AEB3-46F0-BCCD-9AC46E4BFD32}.Debug|x86.Build.0 = Debug|x86
		{DCE9F700-AEB3-46F0-BCCD-9AC46E4BFD32}.DVD-5|Any CPU.ActiveCfg = Debug|Any CPU
		{DCE9F700-AEB3-46F0-BCCD-9AC46E4BFD32}.DVD-5|Any CPU.Build.0 = Debug|Any CPU
		{DCE9F700-AEB3-46F0-BCCD-9AC46E4BFD32}.DVD-5|x86.ActiveCfg = Debug|x86
		{DCE9F700-AEB3-46F0-BCCD-9AC46E4BFD32}.DVD-5|x86.Build.0 = Debug|x86
		{DCE9F700-AEB3-46F0-BCCD-9AC46E4BFD32}.Release|Any CPU.ActiveCfg = Release|Any CPU
		{DCE9F700-AEB3-46F0-BCCD-9AC46E4BFD32}.Release|Any CPU.Build.0 = Release|Any CPU
		{DCE9F700-AEB3-46F0-BCCD-9AC46E4BFD32}.Release|x86.ActiveCfg = Release|x86
		{DCE9F700-AEB3-46F0-BCCD-9AC46E4BFD32}.Release|x86.Build.0 = Release|x86
		{DCE9F700-AEB3-46F0-BCCD-9AC46E4BFD32}.SingleImage|Any CPU.ActiveCfg = Release|Any CPU
		{DCE9F700-AEB3-46F0-BCCD-9AC46E4BFD32}.SingleImage|Any CPU.Build.0 = Release|Any CPU
		{DCE9F700-AEB3-46F0-BCCD-9AC46E4BFD32}.SingleImage|x86.ActiveCfg = Release|x86
		{DCE9F700-AEB3-46F0-BCCD-9AC46E4BFD32}.SingleImage|x86.Build.0 = Release|x86
		{10535586-2DFE-488E-8CAB-F4BBB0936D90}.CD_ROM|Any CPU.ActiveCfg = Release|Any CPU
		{10535586-2DFE-488E-8CAB-F4BBB0936D90}.CD_ROM|Any CPU.Build.0 = Release|Any CPU
		{10535586-2DFE-488E-8CAB-F4BBB0936D90}.CD_ROM|x86.ActiveCfg = Release|x86
		{10535586-2DFE-488E-8CAB-F4BBB0936D90}.CD_ROM|x86.Build.0 = Release|x86
		{10535586-2DFE-488E-8CAB-F4BBB0936D90}.Debug|Any CPU.ActiveCfg = Debug|Any CPU
		{10535586-2DFE-488E-8CAB-F4BBB0936D90}.Debug|Any CPU.Build.0 = Debug|Any CPU
		{10535586-2DFE-488E-8CAB-F4BBB0936D90}.Debug|x86.ActiveCfg = Debug|x86
		{10535586-2DFE-488E-8CAB-F4BBB0936D90}.Debug|x86.Build.0 = Debug|x86
		{10535586-2DFE-488E-8CAB-F4BBB0936D90}.DVD-5|Any CPU.ActiveCfg = Debug|Any CPU
		{10535586-2DFE-488E-8CAB-F4BBB0936D90}.DVD-5|Any CPU.Build.0 = Debug|Any CPU
		{10535586-2DFE-488E-8CAB-F4BBB0936D90}.DVD-5|x86.ActiveCfg = Debug|x86
		{10535586-2DFE-488E-8CAB-F4BBB0936D90}.DVD-5|x86.Build.0 = Debug|x86
		{10535586-2DFE-488E-8CAB-F4BBB0936D90}.Release|Any CPU.ActiveCfg = Release|Any CPU
		{10535586-2DFE-488E-8CAB-F4BBB0936D90}.Release|Any CPU.Build.0 = Release|Any CPU
		{10535586-2DFE-488E-8CAB-F4BBB0936D90}.Release|x86.ActiveCfg = Release|x86
		{10535586-2DFE-488E-8CAB-F4BBB0936D90}.Release|x86.Build.0 = Release|x86
		{10535586-2DFE-488E-8CAB-F4BBB0936D90}.SingleImage|Any CPU.ActiveCfg = Release|Any CPU
		{10535586-2DFE-488E-8CAB-F4BBB0936D90}.SingleImage|Any CPU.Build.0 = Release|Any CPU
		{10535586-2DFE-488E-8CAB-F4BBB0936D90}.SingleImage|x86.ActiveCfg = Release|x86
		{10535586-2DFE-488E-8CAB-F4BBB0936D90}.SingleImage|x86.Build.0 = Release|x86
		{65A909DE-736E-4BFE-8D06-23C052EC597A}.CD_ROM|Any CPU.ActiveCfg = Release|Any CPU
		{65A909DE-736E-4BFE-8D06-23C052EC597A}.CD_ROM|Any CPU.Build.0 = Release|Any CPU
		{65A909DE-736E-4BFE-8D06-23C052EC597A}.CD_ROM|x86.ActiveCfg = Release|x86
		{65A909DE-736E-4BFE-8D06-23C052EC597A}.CD_ROM|x86.Build.0 = Release|x86
		{65A909DE-736E-4BFE-8D06-23C052EC597A}.Debug|Any CPU.ActiveCfg = Debug|Any CPU
		{65A909DE-736E-4BFE-8D06-23C052EC597A}.Debug|Any CPU.Build.0 = Debug|Any CPU
		{65A909DE-736E-4BFE-8D06-23C052EC597A}.Debug|x86.ActiveCfg = Debug|x86
		{65A909DE-736E-4BFE-8D06-23C052EC597A}.Debug|x86.Build.0 = Debug|x86
		{65A909DE-736E-4BFE-8D06-23C052EC597A}.DVD-5|Any CPU.ActiveCfg = Debug|Any CPU
		{65A909DE-736E-4BFE-8D06-23C052EC597A}.DVD-5|Any CPU.Build.0 = Debug|Any CPU
		{65A909DE-736E-4BFE-8D06-23C052EC597A}.DVD-5|x86.ActiveCfg = Debug|x86
		{65A909DE-736E-4BFE-8D06-23C052EC597A}.DVD-5|x86.Build.0 = Debug|x86
		{65A909DE-736E-4BFE-8D06-23C052EC597A}.Release|Any CPU.ActiveCfg = Release|Any CPU
		{65A909DE-736E-4BFE-8D06-23C052EC597A}.Release|Any CPU.Build.0 = Release|Any CPU
		{65A909DE-736E-4BFE-8D06-23C052EC597A}.Release|x86.ActiveCfg = Release|x86
		{65A909DE-736E-4BFE-8D06-23C052EC597A}.Release|x86.Build.0 = Release|x86
		{65A909DE-736E-4BFE-8D06-23C052EC597A}.SingleImage|Any CPU.ActiveCfg = Release|Any CPU
		{65A909DE-736E-4BFE-8D06-23C052EC597A}.SingleImage|Any CPU.Build.0 = Release|Any CPU
		{65A909DE-736E-4BFE-8D06-23C052EC597A}.SingleImage|x86.ActiveCfg = Release|x86
		{65A909DE-736E-4BFE-8D06-23C052EC597A}.SingleImage|x86.Build.0 = Release|x86
		{D0DAC728-340D-4181-B4CA-227E2C6F2120}.CD_ROM|Any CPU.ActiveCfg = Release|Any CPU
		{D0DAC728-340D-4181-B4CA-227E2C6F2120}.CD_ROM|Any CPU.Build.0 = Release|Any CPU
		{D0DAC728-340D-4181-B4CA-227E2C6F2120}.CD_ROM|x86.ActiveCfg = Release|x86
		{D0DAC728-340D-4181-B4CA-227E2C6F2120}.CD_ROM|x86.Build.0 = Release|x86
		{D0DAC728-340D-4181-B4CA-227E2C6F2120}.Debug|Any CPU.ActiveCfg = Debug|Any CPU
		{D0DAC728-340D-4181-B4CA-227E2C6F2120}.Debug|Any CPU.Build.0 = Debug|Any CPU
		{D0DAC728-340D-4181-B4CA-227E2C6F2120}.Debug|x86.ActiveCfg = Debug|x86
		{D0DAC728-340D-4181-B4CA-227E2C6F2120}.Debug|x86.Build.0 = Debug|x86
		{D0DAC728-340D-4181-B4CA-227E2C6F2120}.DVD-5|Any CPU.ActiveCfg = Debug|Any CPU
		{D0DAC728-340D-4181-B4CA-227E2C6F2120}.DVD-5|Any CPU.Build.0 = Debug|Any CPU
		{D0DAC728-340D-4181-B4CA-227E2C6F2120}.DVD-5|x86.ActiveCfg = Debug|x86
		{D0DAC728-340D-4181-B4CA-227E2C6F2120}.DVD-5|x86.Build.0 = Debug|x86
		{D0DAC728-340D-4181-B4CA-227E2C6F2120}.Release|Any CPU.ActiveCfg = Release|Any CPU
		{D0DAC728-340D-4181-B4CA-227E2C6F2120}.Release|Any CPU.Build.0 = Release|Any CPU
		{D0DAC728-340D-4181-B4CA-227E2C6F2120}.Release|x86.ActiveCfg = Release|x86
		{D0DAC728-340D-4181-B4CA-227E2C6F2120}.Release|x86.Build.0 = Release|x86
		{D0DAC728-340D-4181-B4CA-227E2C6F2120}.SingleImage|Any CPU.ActiveCfg = Release|Any CPU
		{D0DAC728-340D-4181-B4CA-227E2C6F2120}.SingleImage|Any CPU.Build.0 = Release|Any CPU
		{D0DAC728-340D-4181-B4CA-227E2C6F2120}.SingleImage|x86.ActiveCfg = Release|x86
		{D0DAC728-340D-4181-B4CA-227E2C6F2120}.SingleImage|x86.Build.0 = Release|x86
		{B2084F4E-9B3A-4C9C-BA50-A23AEC47140F}.CD_ROM|Any CPU.ActiveCfg = Release|Any CPU
		{B2084F4E-9B3A-4C9C-BA50-A23AEC47140F}.CD_ROM|Any CPU.Build.0 = Release|Any CPU
		{B2084F4E-9B3A-4C9C-BA50-A23AEC47140F}.CD_ROM|x86.ActiveCfg = Release|x86
		{B2084F4E-9B3A-4C9C-BA50-A23AEC47140F}.CD_ROM|x86.Build.0 = Release|x86
		{B2084F4E-9B3A-4C9C-BA50-A23AEC47140F}.Debug|Any CPU.ActiveCfg = Debug|Any CPU
		{B2084F4E-9B3A-4C9C-BA50-A23AEC47140F}.Debug|Any CPU.Build.0 = Debug|Any CPU
		{B2084F4E-9B3A-4C9C-BA50-A23AEC47140F}.Debug|x86.ActiveCfg = Debug|x86
		{B2084F4E-9B3A-4C9C-BA50-A23AEC47140F}.Debug|x86.Build.0 = Debug|x86
		{B2084F4E-9B3A-4C9C-BA50-A23AEC47140F}.DVD-5|Any CPU.ActiveCfg = Debug|Any CPU
		{B2084F4E-9B3A-4C9C-BA50-A23AEC47140F}.DVD-5|Any CPU.Build.0 = Debug|Any CPU
		{B2084F4E-9B3A-4C9C-BA50-A23AEC47140F}.DVD-5|x86.ActiveCfg = Debug|x86
		{B2084F4E-9B3A-4C9C-BA50-A23AEC47140F}.DVD-5|x86.Build.0 = Debug|x86
		{B2084F4E-9B3A-4C9C-BA50-A23AEC47140F}.Release|Any CPU.ActiveCfg = Release|Any CPU
		{B2084F4E-9B3A-4C9C-BA50-A23AEC47140F}.Release|Any CPU.Build.0 = Release|Any CPU
		{B2084F4E-9B3A-4C9C-BA50-A23AEC47140F}.Release|x86.ActiveCfg = Release|x86
		{B2084F4E-9B3A-4C9C-BA50-A23AEC47140F}.Release|x86.Build.0 = Release|x86
		{B2084F4E-9B3A-4C9C-BA50-A23AEC47140F}.SingleImage|Any CPU.ActiveCfg = Release|Any CPU
		{B2084F4E-9B3A-4C9C-BA50-A23AEC47140F}.SingleImage|Any CPU.Build.0 = Release|Any CPU
		{B2084F4E-9B3A-4C9C-BA50-A23AEC47140F}.SingleImage|x86.ActiveCfg = Release|x86
		{B2084F4E-9B3A-4C9C-BA50-A23AEC47140F}.SingleImage|x86.Build.0 = Release|x86
		{5E5DD60A-DD0E-4F49-A7B7-0169FDA49854}.CD_ROM|Any CPU.ActiveCfg = Release|Any CPU
		{5E5DD60A-DD0E-4F49-A7B7-0169FDA49854}.CD_ROM|Any CPU.Build.0 = Release|Any CPU
		{5E5DD60A-DD0E-4F49-A7B7-0169FDA49854}.CD_ROM|x86.ActiveCfg = Release|x86
		{5E5DD60A-DD0E-4F49-A7B7-0169FDA49854}.CD_ROM|x86.Build.0 = Release|x86
		{5E5DD60A-DD0E-4F49-A7B7-0169FDA49854}.Debug|Any CPU.ActiveCfg = Debug|Any CPU
		{5E5DD60A-DD0E-4F49-A7B7-0169FDA49854}.Debug|Any CPU.Build.0 = Debug|Any CPU
		{5E5DD60A-DD0E-4F49-A7B7-0169FDA49854}.Debug|x86.ActiveCfg = Debug|x86
		{5E5DD60A-DD0E-4F49-A7B7-0169FDA49854}.Debug|x86.Build.0 = Debug|x86
		{5E5DD60A-DD0E-4F49-A7B7-0169FDA49854}.DVD-5|Any CPU.ActiveCfg = Debug|Any CPU
		{5E5DD60A-DD0E-4F49-A7B7-0169FDA49854}.DVD-5|Any CPU.Build.0 = Debug|Any CPU
		{5E5DD60A-DD0E-4F49-A7B7-0169FDA49854}.DVD-5|x86.ActiveCfg = Debug|x86
		{5E5DD60A-DD0E-4F49-A7B7-0169FDA49854}.DVD-5|x86.Build.0 = Debug|x86
		{5E5DD60A-DD0E-4F49-A7B7-0169FDA49854}.Release|Any CPU.ActiveCfg = Release|Any CPU
		{5E5DD60A-DD0E-4F49-A7B7-0169FDA49854}.Release|Any CPU.Build.0 = Release|Any CPU
		{5E5DD60A-DD0E-4F49-A7B7-0169FDA49854}.Release|x86.ActiveCfg = Release|x86
		{5E5DD60A-DD0E-4F49-A7B7-0169FDA49854}.Release|x86.Build.0 = Release|x86
		{5E5DD60A-DD0E-4F49-A7B7-0169FDA49854}.SingleImage|Any CPU.ActiveCfg = Release|Any CPU
		{5E5DD60A-DD0E-4F49-A7B7-0169FDA49854}.SingleImage|Any CPU.Build.0 = Release|Any CPU
		{5E5DD60A-DD0E-4F49-A7B7-0169FDA49854}.SingleImage|x86.ActiveCfg = Release|x86
		{5E5DD60A-DD0E-4F49-A7B7-0169FDA49854}.SingleImage|x86.Build.0 = Release|x86
		{54E80CF1-CAD7-4CA2-BF58-3F3C797CB8AE}.CD_ROM|Any CPU.ActiveCfg = Release|Any CPU
		{54E80CF1-CAD7-4CA2-BF58-3F3C797CB8AE}.CD_ROM|Any CPU.Build.0 = Release|Any CPU
		{54E80CF1-CAD7-4CA2-BF58-3F3C797CB8AE}.CD_ROM|x86.ActiveCfg = Release|x86
		{54E80CF1-CAD7-4CA2-BF58-3F3C797CB8AE}.CD_ROM|x86.Build.0 = Release|x86
		{54E80CF1-CAD7-4CA2-BF58-3F3C797CB8AE}.Debug|Any CPU.ActiveCfg = Debug|Any CPU
		{54E80CF1-CAD7-4CA2-BF58-3F3C797CB8AE}.Debug|Any CPU.Build.0 = Debug|Any CPU
		{54E80CF1-CAD7-4CA2-BF58-3F3C797CB8AE}.Debug|x86.ActiveCfg = Debug|x86
		{54E80CF1-CAD7-4CA2-BF58-3F3C797CB8AE}.Debug|x86.Build.0 = Debug|x86
		{54E80CF1-CAD7-4CA2-BF58-3F3C797CB8AE}.DVD-5|Any CPU.ActiveCfg = Debug|Any CPU
		{54E80CF1-CAD7-4CA2-BF58-3F3C797CB8AE}.DVD-5|Any CPU.Build.0 = Debug|Any CPU
		{54E80CF1-CAD7-4CA2-BF58-3F3C797CB8AE}.DVD-5|x86.ActiveCfg = Debug|x86
		{54E80CF1-CAD7-4CA2-BF58-3F3C797CB8AE}.DVD-5|x86.Build.0 = Debug|x86
		{54E80CF1-CAD7-4CA2-BF58-3F3C797CB8AE}.Release|Any CPU.ActiveCfg = Release|Any CPU
		{54E80CF1-CAD7-4CA2-BF58-3F3C797CB8AE}.Release|Any CPU.Build.0 = Release|Any CPU
		{54E80CF1-CAD7-4CA2-BF58-3F3C797CB8AE}.Release|x86.ActiveCfg = Release|x86
		{54E80CF1-CAD7-4CA2-BF58-3F3C797CB8AE}.Release|x86.Build.0 = Release|x86
		{54E80CF1-CAD7-4CA2-BF58-3F3C797CB8AE}.SingleImage|Any CPU.ActiveCfg = Release|Any CPU
		{54E80CF1-CAD7-4CA2-BF58-3F3C797CB8AE}.SingleImage|Any CPU.Build.0 = Release|Any CPU
		{54E80CF1-CAD7-4CA2-BF58-3F3C797CB8AE}.SingleImage|x86.ActiveCfg = Release|x86
		{54E80CF1-CAD7-4CA2-BF58-3F3C797CB8AE}.SingleImage|x86.Build.0 = Release|x86
		{A5A66BD8-522B-401D-AFEA-B8D6925F4275}.CD_ROM|Any CPU.ActiveCfg = Release|Any CPU
		{A5A66BD8-522B-401D-AFEA-B8D6925F4275}.CD_ROM|Any CPU.Build.0 = Release|Any CPU
		{A5A66BD8-522B-401D-AFEA-B8D6925F4275}.CD_ROM|x86.ActiveCfg = Release|x86
		{A5A66BD8-522B-401D-AFEA-B8D6925F4275}.CD_ROM|x86.Build.0 = Release|x86
		{A5A66BD8-522B-401D-AFEA-B8D6925F4275}.Debug|Any CPU.ActiveCfg = Debug|Any CPU
		{A5A66BD8-522B-401D-AFEA-B8D6925F4275}.Debug|Any CPU.Build.0 = Debug|Any CPU
		{A5A66BD8-522B-401D-AFEA-B8D6925F4275}.Debug|x86.ActiveCfg = Debug|x86
		{A5A66BD8-522B-401D-AFEA-B8D6925F4275}.Debug|x86.Build.0 = Debug|x86
		{A5A66BD8-522B-401D-AFEA-B8D6925F4275}.DVD-5|Any CPU.ActiveCfg = Debug|Any CPU
		{A5A66BD8-522B-401D-AFEA-B8D6925F4275}.DVD-5|Any CPU.Build.0 = Debug|Any CPU
		{A5A66BD8-522B-401D-AFEA-B8D6925F4275}.DVD-5|x86.ActiveCfg = Debug|x86
		{A5A66BD8-522B-401D-AFEA-B8D6925F4275}.DVD-5|x86.Build.0 = Debug|x86
		{A5A66BD8-522B-401D-AFEA-B8D6925F4275}.Release|Any CPU.ActiveCfg = Release|Any CPU
		{A5A66BD8-522B-401D-AFEA-B8D6925F4275}.Release|Any CPU.Build.0 = Release|Any CPU
		{A5A66BD8-522B-401D-AFEA-B8D6925F4275}.Release|x86.ActiveCfg = Release|x86
		{A5A66BD8-522B-401D-AFEA-B8D6925F4275}.Release|x86.Build.0 = Release|x86
		{A5A66BD8-522B-401D-AFEA-B8D6925F4275}.SingleImage|Any CPU.ActiveCfg = Release|Any CPU
		{A5A66BD8-522B-401D-AFEA-B8D6925F4275}.SingleImage|Any CPU.Build.0 = Release|Any CPU
		{A5A66BD8-522B-401D-AFEA-B8D6925F4275}.SingleImage|x86.ActiveCfg = Release|x86
		{A5A66BD8-522B-401D-AFEA-B8D6925F4275}.SingleImage|x86.Build.0 = Release|x86
		{6D78D496-6A5F-4E20-AA60-42E15990806C}.CD_ROM|Any CPU.ActiveCfg = Release|Any CPU
		{6D78D496-6A5F-4E20-AA60-42E15990806C}.CD_ROM|Any CPU.Build.0 = Release|Any CPU
		{6D78D496-6A5F-4E20-AA60-42E15990806C}.CD_ROM|x86.ActiveCfg = Release|x86
		{6D78D496-6A5F-4E20-AA60-42E15990806C}.CD_ROM|x86.Build.0 = Release|x86
		{6D78D496-6A5F-4E20-AA60-42E15990806C}.Debug|Any CPU.ActiveCfg = Debug|Any CPU
		{6D78D496-6A5F-4E20-AA60-42E15990806C}.Debug|Any CPU.Build.0 = Debug|Any CPU
		{6D78D496-6A5F-4E20-AA60-42E15990806C}.Debug|x86.ActiveCfg = Debug|x86
		{6D78D496-6A5F-4E20-AA60-42E15990806C}.Debug|x86.Build.0 = Debug|x86
		{6D78D496-6A5F-4E20-AA60-42E15990806C}.DVD-5|Any CPU.ActiveCfg = Debug|Any CPU
		{6D78D496-6A5F-4E20-AA60-42E15990806C}.DVD-5|Any CPU.Build.0 = Debug|Any CPU
		{6D78D496-6A5F-4E20-AA60-42E15990806C}.DVD-5|x86.ActiveCfg = Debug|x86
		{6D78D496-6A5F-4E20-AA60-42E15990806C}.DVD-5|x86.Build.0 = Debug|x86
		{6D78D496-6A5F-4E20-AA60-42E15990806C}.Release|Any CPU.ActiveCfg = Release|Any CPU
		{6D78D496-6A5F-4E20-AA60-42E15990806C}.Release|Any CPU.Build.0 = Release|Any CPU
		{6D78D496-6A5F-4E20-AA60-42E15990806C}.Release|x86.ActiveCfg = Release|x86
		{6D78D496-6A5F-4E20-AA60-42E15990806C}.Release|x86.Build.0 = Release|x86
		{6D78D496-6A5F-4E20-AA60-42E15990806C}.SingleImage|Any CPU.ActiveCfg = Release|Any CPU
		{6D78D496-6A5F-4E20-AA60-42E15990806C}.SingleImage|Any CPU.Build.0 = Release|Any CPU
		{6D78D496-6A5F-4E20-AA60-42E15990806C}.SingleImage|x86.ActiveCfg = Release|x86
		{6D78D496-6A5F-4E20-AA60-42E15990806C}.SingleImage|x86.Build.0 = Release|x86
		{5F6C9626-EE72-46A1-BD99-B5E7CFB91C4D}.CD_ROM|Any CPU.ActiveCfg = Release
		{5F6C9626-EE72-46A1-BD99-B5E7CFB91C4D}.CD_ROM|x86.ActiveCfg = Release
		{5F6C9626-EE72-46A1-BD99-B5E7CFB91C4D}.Debug|Any CPU.ActiveCfg = Debug
		{5F6C9626-EE72-46A1-BD99-B5E7CFB91C4D}.Debug|x86.ActiveCfg = Debug
		{5F6C9626-EE72-46A1-BD99-B5E7CFB91C4D}.DVD-5|Any CPU.ActiveCfg = Debug
		{5F6C9626-EE72-46A1-BD99-B5E7CFB91C4D}.DVD-5|x86.ActiveCfg = Debug
		{5F6C9626-EE72-46A1-BD99-B5E7CFB91C4D}.Release|Any CPU.ActiveCfg = Release
		{5F6C9626-EE72-46A1-BD99-B5E7CFB91C4D}.Release|x86.ActiveCfg = Release
		{5F6C9626-EE72-46A1-BD99-B5E7CFB91C4D}.SingleImage|Any CPU.ActiveCfg = Release
		{5F6C9626-EE72-46A1-BD99-B5E7CFB91C4D}.SingleImage|x86.ActiveCfg = Release
		{45596D15-6A79-4B19-8B3C-1CD4CE9ADDA6}.CD_ROM|Any CPU.ActiveCfg = Release|Any CPU
		{45596D15-6A79-4B19-8B3C-1CD4CE9ADDA6}.CD_ROM|Any CPU.Build.0 = Release|Any CPU
		{45596D15-6A79-4B19-8B3C-1CD4CE9ADDA6}.CD_ROM|x86.ActiveCfg = Release|Any CPU
		{45596D15-6A79-4B19-8B3C-1CD4CE9ADDA6}.Debug|Any CPU.ActiveCfg = Debug|Any CPU
		{45596D15-6A79-4B19-8B3C-1CD4CE9ADDA6}.Debug|Any CPU.Build.0 = Debug|Any CPU
		{45596D15-6A79-4B19-8B3C-1CD4CE9ADDA6}.Debug|x86.ActiveCfg = Debug|Any CPU
		{45596D15-6A79-4B19-8B3C-1CD4CE9ADDA6}.DVD-5|Any CPU.ActiveCfg = Debug|Any CPU
		{45596D15-6A79-4B19-8B3C-1CD4CE9ADDA6}.DVD-5|Any CPU.Build.0 = Debug|Any CPU
		{45596D15-6A79-4B19-8B3C-1CD4CE9ADDA6}.DVD-5|x86.ActiveCfg = Debug|Any CPU
		{45596D15-6A79-4B19-8B3C-1CD4CE9ADDA6}.Release|Any CPU.ActiveCfg = Release|Any CPU
		{45596D15-6A79-4B19-8B3C-1CD4CE9ADDA6}.Release|Any CPU.Build.0 = Release|Any CPU
		{45596D15-6A79-4B19-8B3C-1CD4CE9ADDA6}.Release|x86.ActiveCfg = Release|Any CPU
		{45596D15-6A79-4B19-8B3C-1CD4CE9ADDA6}.SingleImage|Any CPU.ActiveCfg = Release|Any CPU
		{45596D15-6A79-4B19-8B3C-1CD4CE9ADDA6}.SingleImage|Any CPU.Build.0 = Release|Any CPU
		{45596D15-6A79-4B19-8B3C-1CD4CE9ADDA6}.SingleImage|x86.ActiveCfg = Release|Any CPU
	EndGlobalSection
	GlobalSection(SolutionProperties) = preSolution
		HideSolutionNode = FALSE
	EndGlobalSection
	GlobalSection(NestedProjects) = preSolution
		{1B1DD32C-5B2F-48F2-BD11-FB859D0494E6} = {C0BC46C8-BD56-4C0E-B75D-13AE46387F5B}
		{20212BE6-9E4A-451E-B9A5-81E52F349876} = {C0BC46C8-BD56-4C0E-B75D-13AE46387F5B}
		{FE1AFACB-9BAF-4365-9D2F-C9FAE04830FD} = {C0BC46C8-BD56-4C0E-B75D-13AE46387F5B}
		{51525707-68A4-4233-BAC6-53D6A5CEC16F} = {49493B20-5E3D-4537-9DE4-8AFA89E1F02F}
		{60AF4FE3-E183-4185-B22A-6F0EF1D317B0} = {49493B20-5E3D-4537-9DE4-8AFA89E1F02F}
		{70523767-42F6-41DB-A863-CA90A7843EB5} = {49493B20-5E3D-4537-9DE4-8AFA89E1F02F}
		{21F554F9-1DE9-491D-8E4E-A9BF6DBC02E6} = {4B2E2A0A-64FD-4B7B-AA50-7353601107CE}
		{EC91D5CE-A7E3-4F25-9FDC-D69C9C674D92} = {4B2E2A0A-64FD-4B7B-AA50-7353601107CE}
		{3E75E5D3-4321-4D88-8506-EC9A99ACAC4C} = {4B2E2A0A-64FD-4B7B-AA50-7353601107CE}
		{DCE9F700-AEB3-46F0-BCCD-9AC46E4BFD32} = {F49ED9A6-C89F-47F5-92A9-2CE19F9C7659}
		{10535586-2DFE-488E-8CAB-F4BBB0936D90} = {F49ED9A6-C89F-47F5-92A9-2CE19F9C7659}
		{65A909DE-736E-4BFE-8D06-23C052EC597A} = {F49ED9A6-C89F-47F5-92A9-2CE19F9C7659}
		{078FF86A-CCA4-44B2-9774-117F6562CF2C} = {47CF3892-744B-4D09-A728-DAE991401002}
		{B1037F6C-CD31-43F0-8C88-C74542551EBF} = {47CF3892-744B-4D09-A728-DAE991401002}
		{9D997C5C-6F36-4933-A271-04EAD342425F} = {47CF3892-744B-4D09-A728-DAE991401002}
		{13035DAA-CD71-4524-9233-55F7917BB5AE} = {5A7C5E0B-B534-4463-9680-433803EF7C71}
		{E065329E-EA63-4CD2-9EF5-C630443F358A} = {5A7C5E0B-B534-4463-9680-433803EF7C71}
		{35E95B1B-DF39-49D2-98AF-81AA090CF3EB} = {5A7C5E0B-B534-4463-9680-433803EF7C71}
		{D0DAC728-340D-4181-B4CA-227E2C6F2120} = {2907B93E-79A1-4722-B574-A4FBF19FD15F}
		{B2084F4E-9B3A-4C9C-BA50-A23AEC47140F} = {2907B93E-79A1-4722-B574-A4FBF19FD15F}
		{5E5DD60A-DD0E-4F49-A7B7-0169FDA49854} = {2907B93E-79A1-4722-B574-A4FBF19FD15F}
		{54E80CF1-CAD7-4CA2-BF58-3F3C797CB8AE} = {7DCB7665-C5CC-4885-84F1-CC4C769D59A4}
		{A5A66BD8-522B-401D-AFEA-B8D6925F4275} = {7DCB7665-C5CC-4885-84F1-CC4C769D59A4}
		{6D78D496-6A5F-4E20-AA60-42E15990806C} = {7DCB7665-C5CC-4885-84F1-CC4C769D59A4}
	EndGlobalSection
EndGlobal
